
Microsoft Visual Studio Solution File, Format Version 12.00
# Visual Studio 15
VisualStudioVersion = 15.0.28307.539
MinimumVisualStudioVersion = 10.0.40219.1
Project("{FAE04EC0-301F-11D3-BF4B-00C04F79EFBC}") = "Core", "Core\Core.csproj", "{AEBEC667-A2A8-4CCA-AAE7-5559BE1A305C}"
EndProject
Project("{FAE04EC0-301F-11D3-BF4B-00C04F79EFBC}") = "DataAccess", "DataAccess\DataAccess.csproj", "{98E34197-FB13-4F70-A259-A693BC53BF07}"
EndProject
Project("{FAE04EC0-301F-11D3-BF4B-00C04F79EFBC}") = "Business", "ClassLibrary1\Business.csproj", "{3CE80623-9768-40F0-8DCB-404FB9F2CD55}"
EndProject
Project("{FAE04EC0-301F-11D3-BF4B-00C04F79EFBC}") = "UI", "UI\UI.csproj", "{D5DB647F-B3E1-45C3-B3F3-068B8F71E0AA}"
EndProject
Project("{FAE04EC0-301F-11D3-BF4B-00C04F79EFBC}") = "UI.Test", "UI.Test\UI.Test.csproj", "{0D4DA327-BB14-4D0E-ABE2-A618E679F66B}"
EndProject
Global
	GlobalSection(SolutionConfigurationPlatforms) = preSolution
		Debug|Any CPU = Debug|Any CPU
		Release|Any CPU = Release|Any CPU
	EndGlobalSection
	GlobalSection(ProjectConfigurationPlatforms) = postSolution
		{AEBEC667-A2A8-4CCA-AAE7-5559BE1A305C}.Debug|Any CPU.ActiveCfg = Debug|Any CPU
		{AEBEC667-A2A8-4CCA-AAE7-5559BE1A305C}.Debug|Any CPU.Build.0 = Debug|Any CPU
		{AEBEC667-A2A8-4CCA-AAE7-5559BE1A305C}.Release|Any CPU.ActiveCfg = Release|Any CPU
		{AEBEC667-A2A8-4CCA-AAE7-5559BE1A305C}.Release|Any CPU.Build.0 = Release|Any CPU
		{98E34197-FB13-4F70-A259-A693BC53BF07}.Debug|Any CPU.ActiveCfg = Debug|Any CPU
		{98E34197-FB13-4F70-A259-A693BC53BF07}.Debug|Any CPU.Build.0 = Debug|Any CPU
		{98E34197-FB13-4F70-A259-A693BC53BF07}.Release|Any CPU.ActiveCfg = Release|Any CPU
		{98E34197-FB13-4F70-A259-A693BC53BF07}.Release|Any CPU.Build.0 = Release|Any CPU
		{3CE80623-9768-40F0-8DCB-404FB9F2CD55}.Debug|Any CPU.ActiveCfg = Debug|Any CPU
		{3CE80623-9768-40F0-8DCB-404FB9F2CD55}.Debug|Any CPU.Build.0 = Debug|Any CPU
		{3CE80623-9768-40F0-8DCB-404FB9F2CD55}.Release|Any CPU.ActiveCfg = Release|Any CPU
		{3CE80623-9768-40F0-8DCB-404FB9F2CD55}.Release|Any CPU.Build.0 = Release|Any CPU
		{D5DB647F-B3E1-45C3-B3F3-068B8F71E0AA}.Debug|Any CPU.ActiveCfg = Debug|Any CPU
		{D5DB647F-B3E1-45C3-B3F3-068B8F71E0AA}.Debug|Any CPU.Build.0 = Debug|Any CPU
		{D5DB647F-B3E1-45C3-B3F3-068B8F71E0AA}.Release|Any CPU.ActiveCfg = Release|Any CPU
		{D5DB647F-B3E1-45C3-B3F3-068B8F71E0AA}.Release|Any CPU.Build.0 = Release|Any CPU
		{0D4DA327-BB14-4D0E-ABE2-A618E679F66B}.Debug|Any CPU.ActiveCfg = Debug|Any CPU
		{0D4DA327-BB14-4D0E-ABE2-A618E679F66B}.Debug|Any CPU.Build.0 = Debug|Any CPU
		{0D4DA327-BB14-4D0E-ABE2-A618E679F66B}.Release|Any CPU.ActiveCfg = Release|Any CPU
		{0D4DA327-BB14-4D0E-ABE2-A618E679F66B}.Release|Any CPU.Build.0 = Release|Any CPU
	EndGlobalSection
	GlobalSection(SolutionProperties) = preSolution
		HideSolutionNode = FALSE
	EndGlobalSection
	GlobalSection(ExtensibilityGlobals) = postSolution
		SolutionGuid = {67C11108-A886-4D16-BA2E-4F6FC25052A8}
	EndGlobalSection
EndGlobal
